
Microsoft Visual Studio Solution File, Format Version 12.00
# Visual Studio Version 16
VisualStudioVersion = 16.0.30128.74
MinimumVisualStudioVersion = 10.0.40219.1
Project("{9A19103F-16F7-4668-BE54-9A1E7A4F7556}") = "Shinengine", "Shinengine\Shinengine.csproj", "{EA4E3DE5-EF69-4B57-8A8B-5C4F423EA372}"
EndProject
Project("{8BC9CEB8-8B4A-11D0-8D11-00A0C91BC942}") = "Shinehelper", "Shinehelper\Shinehelper.vcxproj", "{BAA4523A-03B8-4A03-8FBC-50E550AFDFCD}"
EndProject
Global
	GlobalSection(SolutionConfigurationPlatforms) = preSolution
		Debug|Any CPU = Debug|Any CPU
		Debug|x64 = Debug|x64
		Debug|x86 = Debug|x86
		Release|Any CPU = Release|Any CPU
		Release|x64 = Release|x64
		Release|x86 = Release|x86
	EndGlobalSection
	GlobalSection(ProjectConfigurationPlatforms) = postSolution
		{EA4E3DE5-EF69-4B57-8A8B-5C4F423EA372}.Debug|Any CPU.ActiveCfg = Debug|Any CPU
		{EA4E3DE5-EF69-4B57-8A8B-5C4F423EA372}.Debug|Any CPU.Build.0 = Debug|Any CPU
		{EA4E3DE5-EF69-4B57-8A8B-5C4F423EA372}.Debug|x64.ActiveCfg = Debug|x64
		{EA4E3DE5-EF69-4B57-8A8B-5C4F423EA372}.Debug|x64.Build.0 = Debug|x64
		{EA4E3DE5-EF69-4B57-8A8B-5C4F423EA372}.Debug|x86.ActiveCfg = Debug|x86
		{EA4E3DE5-EF69-4B57-8A8B-5C4F423EA372}.Debug|x86.Build.0 = Debug|x86
		{EA4E3DE5-EF69-4B57-8A8B-5C4F423EA372}.Release|Any CPU.ActiveCfg = Release|Any CPU
		{EA4E3DE5-EF69-4B57-8A8B-5C4F423EA372}.Release|Any CPU.Build.0 = Release|Any CPU
		{EA4E3DE5-EF69-4B57-8A8B-5C4F423EA372}.Release|x64.ActiveCfg = Release|x64
		{EA4E3DE5-EF69-4B57-8A8B-5C4F423EA372}.Release|x64.Build.0 = Release|x64
		{EA4E3DE5-EF69-4B57-8A8B-5C4F423EA372}.Release|x86.ActiveCfg = Release|x86
		{EA4E3DE5-EF69-4B57-8A8B-5C4F423EA372}.Release|x86.Build.0 = Release|x86
		{BAA4523A-03B8-4A03-8FBC-50E550AFDFCD}.Debug|Any CPU.ActiveCfg = Debug|Win32
		{BAA4523A-03B8-4A03-8FBC-50E550AFDFCD}.Debug|x64.ActiveCfg = Debug|x64
		{BAA4523A-03B8-4A03-8FBC-50E550AFDFCD}.Debug|x64.Build.0 = Debug|x64
		{BAA4523A-03B8-4A03-8FBC-50E550AFDFCD}.Debug|x86.ActiveCfg = Debug|Win32
		{BAA4523A-03B8-4A03-8FBC-50E550AFDFCD}.Debug|x86.Build.0 = Debug|Win32
		{BAA4523A-03B8-4A03-8FBC-50E550AFDFCD}.Release|Any CPU.ActiveCfg = Release|Win32
		{BAA4523A-03B8-4A03-8FBC-50E550AFDFCD}.Release|x64.ActiveCfg = Release|x64
		{BAA4523A-03B8-4A03-8FBC-50E550AFDFCD}.Release|x64.Build.0 = Release|x64
		{BAA4523A-03B8-4A03-8FBC-50E550AFDFCD}.Release|x86.ActiveCfg = Release|Win32
		{BAA4523A-03B8-4A03-8FBC-50E550AFDFCD}.Release|x86.Build.0 = Release|Win32
	EndGlobalSection
	GlobalSection(SolutionProperties) = preSolution
		HideSolutionNode = FALSE
	EndGlobalSection
	GlobalSection(ExtensibilityGlobals) = postSolution
		SolutionGuid = {62A0F568-8CAE-48AC-82AF-5B2048EE99F4}
	EndGlobalSection
EndGlobal
